
Microsoft Visual Studio Solution File, Format Version 12.00
# Visual Studio Version 16
VisualStudioVersion = 16.0.29424.173
MinimumVisualStudioVersion = 10.0.40219.1
Project("{9A19103F-16F7-4668-BE54-9A1E7A4F7556}") = "Config.CPQ.Pricing", "Config.CPQ.Pricing.csproj", "{84E8F996-36DF-4FA1-8386-0CA0776AF42C}"
EndProject
Global
	GlobalSection(SolutionConfigurationPlatforms) = preSolution
		Debug|Any CPU = Debug|Any CPU
		Release|Any CPU = Release|Any CPU
	EndGlobalSection
	GlobalSection(ProjectConfigurationPlatforms) = postSolution
		{84E8F996-36DF-4FA1-8386-0CA0776AF42C}.Debug|Any CPU.ActiveCfg = Debug|Any CPU
		{84E8F996-36DF-4FA1-8386-0CA0776AF42C}.Debug|Any CPU.Build.0 = Debug|Any CPU
		{84E8F996-36DF-4FA1-8386-0CA0776AF42C}.Release|Any CPU.ActiveCfg = Release|Any CPU
		{84E8F996-36DF-4FA1-8386-0CA0776AF42C}.Release|Any CPU.Build.0 = Release|Any CPU
	EndGlobalSection
	GlobalSection(SolutionProperties) = preSolution
		HideSolutionNode = FALSE
	EndGlobalSection
	GlobalSection(ExtensibilityGlobals) = postSolution
		SolutionGuid = {DC380EFC-F1B2-49E5-8D99-CDEAE8E97299}
	EndGlobalSection
EndGlobal
