
Microsoft Visual Studio Solution File, Format Version 12.00
# Visual Studio Version 16
VisualStudioVersion = 16.0.29509.3
MinimumVisualStudioVersion = 10.0.40219.1
Project("{FAE04EC0-301F-11D3-BF4B-00C04F79EFBC}") = "Config.CPQ.QuoteOutput", "Config.CPQ.QuoteOutput.csproj", "{09E29965-D51F-48B7-A1C7-0F4EC9FD7BB2}"
EndProject
Global
	GlobalSection(SolutionConfigurationPlatforms) = preSolution
		Debug|Any CPU = Debug|Any CPU
		Release|Any CPU = Release|Any CPU
	EndGlobalSection
	GlobalSection(ProjectConfigurationPlatforms) = postSolution
		{09E29965-D51F-48B7-A1C7-0F4EC9FD7BB2}.Debug|Any CPU.ActiveCfg = Debug|Any CPU
		{09E29965-D51F-48B7-A1C7-0F4EC9FD7BB2}.Debug|Any CPU.Build.0 = Debug|Any CPU
		{09E29965-D51F-48B7-A1C7-0F4EC9FD7BB2}.Release|Any CPU.ActiveCfg = Release|Any CPU
		{09E29965-D51F-48B7-A1C7-0F4EC9FD7BB2}.Release|Any CPU.Build.0 = Release|Any CPU
	EndGlobalSection
	GlobalSection(SolutionProperties) = preSolution
		HideSolutionNode = FALSE
	EndGlobalSection
	GlobalSection(ExtensibilityGlobals) = postSolution
		SolutionGuid = {4B00888A-4CDB-45CF-9EB9-D097CAD57582}
	EndGlobalSection
EndGlobal
