
Microsoft Visual Studio Solution File, Format Version 12.00
# Visual Studio Version 16
VisualStudioVersion = 16.0.29424.173
MinimumVisualStudioVersion = 10.0.40219.1
Project("{9A19103F-16F7-4668-BE54-9A1E7A4F7556}") = "Config.CPQ.Customer", "Config.CPQ.Customer.csproj", "{DCEE304F-013D-4A6C-B0F5-7A6824D1C1E2}"
EndProject
Global
	GlobalSection(SolutionConfigurationPlatforms) = preSolution
		Debug|Any CPU = Debug|Any CPU
		Release|Any CPU = Release|Any CPU
	EndGlobalSection
	GlobalSection(ProjectConfigurationPlatforms) = postSolution
		{DCEE304F-013D-4A6C-B0F5-7A6824D1C1E2}.Debug|Any CPU.ActiveCfg = Debug|Any CPU
		{DCEE304F-013D-4A6C-B0F5-7A6824D1C1E2}.Debug|Any CPU.Build.0 = Debug|Any CPU
		{DCEE304F-013D-4A6C-B0F5-7A6824D1C1E2}.Release|Any CPU.ActiveCfg = Release|Any CPU
		{DCEE304F-013D-4A6C-B0F5-7A6824D1C1E2}.Release|Any CPU.Build.0 = Release|Any CPU
	EndGlobalSection
	GlobalSection(SolutionProperties) = preSolution
		HideSolutionNode = FALSE
	EndGlobalSection
	GlobalSection(ExtensibilityGlobals) = postSolution
		SolutionGuid = {713A6EA2-545E-4877-8BCA-1623260069E7}
	EndGlobalSection
EndGlobal
