
Microsoft Visual Studio Solution File, Format Version 12.00
# Visual Studio Version 16
VisualStudioVersion = 16.0.29503.13
MinimumVisualStudioVersion = 10.0.40219.1
Project("{FAE04EC0-301F-11D3-BF4B-00C04F79EFBC}") = "Config.CPQ.ConfigPage", "Config.CPQ.ConfigPage.csproj", "{C77430B4-37D7-4B2B-A02B-987C0B5FD07F}"
EndProject
Global
	GlobalSection(SolutionConfigurationPlatforms) = preSolution
		Debug|Any CPU = Debug|Any CPU
		Release|Any CPU = Release|Any CPU
	EndGlobalSection
	GlobalSection(ProjectConfigurationPlatforms) = postSolution
		{C77430B4-37D7-4B2B-A02B-987C0B5FD07F}.Debug|Any CPU.ActiveCfg = Debug|Any CPU
		{C77430B4-37D7-4B2B-A02B-987C0B5FD07F}.Debug|Any CPU.Build.0 = Debug|Any CPU
		{C77430B4-37D7-4B2B-A02B-987C0B5FD07F}.Release|Any CPU.ActiveCfg = Release|Any CPU
		{C77430B4-37D7-4B2B-A02B-987C0B5FD07F}.Release|Any CPU.Build.0 = Release|Any CPU
	EndGlobalSection
	GlobalSection(SolutionProperties) = preSolution
		HideSolutionNode = FALSE
	EndGlobalSection
	GlobalSection(ExtensibilityGlobals) = postSolution
		SolutionGuid = {EC6992DC-863E-4B81-91BF-00C798A33A23}
	EndGlobalSection
EndGlobal
