
Microsoft Visual Studio Solution File, Format Version 12.00
# Visual Studio Version 16
VisualStudioVersion = 16.0.29424.173
MinimumVisualStudioVersion = 10.0.40219.1
Project("{9A19103F-16F7-4668-BE54-9A1E7A4F7556}") = "Config.CPQ.Static", "Config.CPQ.Static.csproj", "{A7F8195E-2F81-4695-9289-64BFDE7394F3}"
EndProject
Project("{9A19103F-16F7-4668-BE54-9A1E7A4F7556}") = "Config.CPQ.Pricing", "..\wipro1.hp\Config.CPQ.Pricing.csproj", "{10C9D4F3-9B0A-467C-8659-BF62B25816BD}"
EndProject
Global
	GlobalSection(SolutionConfigurationPlatforms) = preSolution
		Debug|Any CPU = Debug|Any CPU
		Release|Any CPU = Release|Any CPU
	EndGlobalSection
	GlobalSection(ProjectConfigurationPlatforms) = postSolution
		{A7F8195E-2F81-4695-9289-64BFDE7394F3}.Debug|Any CPU.ActiveCfg = Debug|Any CPU
		{A7F8195E-2F81-4695-9289-64BFDE7394F3}.Debug|Any CPU.Build.0 = Debug|Any CPU
		{A7F8195E-2F81-4695-9289-64BFDE7394F3}.Release|Any CPU.ActiveCfg = Release|Any CPU
		{A7F8195E-2F81-4695-9289-64BFDE7394F3}.Release|Any CPU.Build.0 = Release|Any CPU
		{10C9D4F3-9B0A-467C-8659-BF62B25816BD}.Debug|Any CPU.ActiveCfg = Debug|Any CPU
		{10C9D4F3-9B0A-467C-8659-BF62B25816BD}.Debug|Any CPU.Build.0 = Debug|Any CPU
		{10C9D4F3-9B0A-467C-8659-BF62B25816BD}.Release|Any CPU.ActiveCfg = Release|Any CPU
		{10C9D4F3-9B0A-467C-8659-BF62B25816BD}.Release|Any CPU.Build.0 = Release|Any CPU
	EndGlobalSection
	GlobalSection(SolutionProperties) = preSolution
		HideSolutionNode = FALSE
	EndGlobalSection
	GlobalSection(ExtensibilityGlobals) = postSolution
		SolutionGuid = {287A4AF2-C5D4-41A7-A82B-8BFE5E04E4C3}
	EndGlobalSection
EndGlobal
